
Microsoft Visual Studio Solution File, Format Version 12.00
# Visual Studio Version 17
VisualStudioVersion = 17.1.32210.238
MinimumVisualStudioVersion = 10.0.40219.1
Project("{FAE04EC0-301F-11D3-BF4B-00C04F79EFBC}") = "EntityFrameworkProj1", "EntityFrameworkProj1\EntityFrameworkProj1.csproj", "{62D9C178-D214-4E91-BE3D-DF4FDC0F696D}"
EndProject
Global
	GlobalSection(SolutionConfigurationPlatforms) = preSolution
		Debug|Any CPU = Debug|Any CPU
		Release|Any CPU = Release|Any CPU
	EndGlobalSection
	GlobalSection(ProjectConfigurationPlatforms) = postSolution
		{62D9C178-D214-4E91-BE3D-DF4FDC0F696D}.Debug|Any CPU.ActiveCfg = Debug|Any CPU
		{62D9C178-D214-4E91-BE3D-DF4FDC0F696D}.Debug|Any CPU.Build.0 = Debug|Any CPU
		{62D9C178-D214-4E91-BE3D-DF4FDC0F696D}.Release|Any CPU.ActiveCfg = Release|Any CPU
		{62D9C178-D214-4E91-BE3D-DF4FDC0F696D}.Release|Any CPU.Build.0 = Release|Any CPU
	EndGlobalSection
	GlobalSection(SolutionProperties) = preSolution
		HideSolutionNode = FALSE
	EndGlobalSection
	GlobalSection(ExtensibilityGlobals) = postSolution
		SolutionGuid = {DA65489A-412A-4F90-8E68-7A61E385CA75}
	EndGlobalSection
EndGlobal
